
Microsoft Visual Studio Solution File, Format Version 12.00
# Visual Studio 2012
Project("{FAE04EC0-301F-11D3-BF4B-00C04F79EFBC}") = "ShipGame", "ShipGame\ShipGame\ShipGame.csproj", "{43988A71-9443-4E1D-A19C-F4D6605A9347}"
EndProject
Project("{FAE04EC0-301F-11D3-BF4B-00C04F79EFBC}") = "ShipGameContent", "ShipGame\ShipGameContent\ShipGameContent.contentproj", "{44B1FE2B-26F4-4C94-8420-0BCE51539F07}"
EndProject
Global
	EndGlobalSection
	GlobalSection(SolutionConfigurationPlatforms) = preSolution
		Debug|x86 = Debug|x86
		Release|x86 = Release|x86
	EndGlobalSection
	GlobalSection(ProjectConfigurationPlatforms) = postSolution
		{43988A71-9443-4E1D-A19C-F4D6605A9347}.Debug|x86.ActiveCfg = Debug|x86
		{43988A71-9443-4E1D-A19C-F4D6605A9347}.Debug|x86.Build.0 = Debug|x86
		{43988A71-9443-4E1D-A19C-F4D6605A9347}.Release|x86.ActiveCfg = Release|x86
		{43988A71-9443-4E1D-A19C-F4D6605A9347}.Release|x86.Build.0 = Release|x86
		{44B1FE2B-26F4-4C94-8420-0BCE51539F07}.Debug|x86.ActiveCfg = Debug|x86
		{44B1FE2B-26F4-4C94-8420-0BCE51539F07}.Release|x86.ActiveCfg = Release|x86
	EndGlobalSection
	GlobalSection(SolutionProperties) = preSolution
		HideSolutionNode = FALSE
	EndGlobalSection
EndGlobal
